
Microsoft Visual Studio Solution File, Format Version 12.00
# Visual Studio 15
VisualStudioVersion = 15.0.26730.16
MinimumVisualStudioVersion = 10.0.40219.1
Project("{9092AA53-FB77-4645-B42D-1CCCA6BD08BD}") = "Node", "Node\Node.njsproj", "{2839BF95-5C81-4290-A8AA-4076E476605B}"
EndProject
Global
	GlobalSection(SolutionConfigurationPlatforms) = preSolution
		Debug|Any CPU = Debug|Any CPU
		Release|Any CPU = Release|Any CPU
	EndGlobalSection
	GlobalSection(ProjectConfigurationPlatforms) = postSolution
		{2839BF95-5C81-4290-A8AA-4076E476605B}.Debug|Any CPU.ActiveCfg = Debug|Any CPU
		{2839BF95-5C81-4290-A8AA-4076E476605B}.Debug|Any CPU.Build.0 = Debug|Any CPU
		{2839BF95-5C81-4290-A8AA-4076E476605B}.Release|Any CPU.ActiveCfg = Release|Any CPU
		{2839BF95-5C81-4290-A8AA-4076E476605B}.Release|Any CPU.Build.0 = Release|Any CPU
	EndGlobalSection
	GlobalSection(SolutionProperties) = preSolution
		HideSolutionNode = FALSE
	EndGlobalSection
	GlobalSection(ExtensibilityGlobals) = postSolution
		SolutionGuid = {6984D254-DF63-41F5-A92A-65DEB0671755}
	EndGlobalSection
EndGlobal
